
Microsoft Visual Studio Solution File, Format Version 12.00
# Visual Studio Version 17
VisualStudioVersion = 17.14.36908.2 d17.14
MinimumVisualStudioVersion = 10.0.40219.1
Project("{FAE04EC0-301F-11D3-BF4B-00C04F79EFBC}") = "SV22T1020136.Admin", "SV22T1020136.Admin\SV22T1020136.Admin.csproj", "{D2B0212D-858A-45B2-9909-46D61670F610}"
EndProject
Project("{FAE04EC0-301F-11D3-BF4B-00C04F79EFBC}") = "SV22T1020136.Shop", "SV22T1020136.Shop\SV22T1020136.Shop.csproj", "{29720160-8C0E-4927-B547-F1051E9BC04C}"
EndProject
Project("{2150E333-8FDC-42A3-9474-1A3956D46DE8}") = "Applications", "Applications", "{02EA681E-C7D8-13C7-8484-4AC65E1B71E8}"
EndProject
Project("{2150E333-8FDC-42A3-9474-1A3956D46DE8}") = "Libraries", "Libraries", "{C2164EA7-08B3-4432-9662-583F8B1A7BA7}"
EndProject
Project("{FAE04EC0-301F-11D3-BF4B-00C04F79EFBC}") = "SV22T1020136.BusinessLayers", "SV22T1020136.BusinessLayers\SV22T1020136.BusinessLayers.csproj", "{4C5438C4-36E3-4FB2-8081-C85D4432D29A}"
EndProject
Project("{FAE04EC0-301F-11D3-BF4B-00C04F79EFBC}") = "SV22T1020136.DataLayers", "SV22T1020136.DataLayers\SV22T1020136.DataLayers.csproj", "{BA2E6256-D457-4345-9A5F-971C1C257F2F}"
EndProject
Project("{FAE04EC0-301F-11D3-BF4B-00C04F79EFBC}") = "SV22T1020136.Models", "SV22T1020136.Models\SV22T1020136.Models.csproj", "{6630624F-0EEA-4359-9FA4-EBF5DE08D94A}"
EndProject
Global
	GlobalSection(SolutionConfigurationPlatforms) = preSolution
		Debug|Any CPU = Debug|Any CPU
		Release|Any CPU = Release|Any CPU
	EndGlobalSection
	GlobalSection(ProjectConfigurationPlatforms) = postSolution
		{D2B0212D-858A-45B2-9909-46D61670F610}.Debug|Any CPU.ActiveCfg = Debug|Any CPU
		{D2B0212D-858A-45B2-9909-46D61670F610}.Debug|Any CPU.Build.0 = Debug|Any CPU
		{D2B0212D-858A-45B2-9909-46D61670F610}.Release|Any CPU.ActiveCfg = Release|Any CPU
		{D2B0212D-858A-45B2-9909-46D61670F610}.Release|Any CPU.Build.0 = Release|Any CPU
		{29720160-8C0E-4927-B547-F1051E9BC04C}.Debug|Any CPU.ActiveCfg = Debug|Any CPU
		{29720160-8C0E-4927-B547-F1051E9BC04C}.Debug|Any CPU.Build.0 = Debug|Any CPU
		{29720160-8C0E-4927-B547-F1051E9BC04C}.Release|Any CPU.ActiveCfg = Release|Any CPU
		{29720160-8C0E-4927-B547-F1051E9BC04C}.Release|Any CPU.Build.0 = Release|Any CPU
		{4C5438C4-36E3-4FB2-8081-C85D4432D29A}.Debug|Any CPU.ActiveCfg = Debug|Any CPU
		{4C5438C4-36E3-4FB2-8081-C85D4432D29A}.Debug|Any CPU.Build.0 = Debug|Any CPU
		{4C5438C4-36E3-4FB2-8081-C85D4432D29A}.Release|Any CPU.ActiveCfg = Release|Any CPU
		{4C5438C4-36E3-4FB2-8081-C85D4432D29A}.Release|Any CPU.Build.0 = Release|Any CPU
		{BA2E6256-D457-4345-9A5F-971C1C257F2F}.Debug|Any CPU.ActiveCfg = Debug|Any CPU
		{BA2E6256-D457-4345-9A5F-971C1C257F2F}.Debug|Any CPU.Build.0 = Debug|Any CPU
		{BA2E6256-D457-4345-9A5F-971C1C257F2F}.Release|Any CPU.ActiveCfg = Release|Any CPU
		{BA2E6256-D457-4345-9A5F-971C1C257F2F}.Release|Any CPU.Build.0 = Release|Any CPU
		{6630624F-0EEA-4359-9FA4-EBF5DE08D94A}.Debug|Any CPU.ActiveCfg = Debug|Any CPU
		{6630624F-0EEA-4359-9FA4-EBF5DE08D94A}.Debug|Any CPU.Build.0 = Debug|Any CPU
		{6630624F-0EEA-4359-9FA4-EBF5DE08D94A}.Release|Any CPU.ActiveCfg = Release|Any CPU
		{6630624F-0EEA-4359-9FA4-EBF5DE08D94A}.Release|Any CPU.Build.0 = Release|Any CPU
	EndGlobalSection
	GlobalSection(SolutionProperties) = preSolution
		HideSolutionNode = FALSE
	EndGlobalSection
	GlobalSection(NestedProjects) = preSolution
		{D2B0212D-858A-45B2-9909-46D61670F610} = {02EA681E-C7D8-13C7-8484-4AC65E1B71E8}
		{29720160-8C0E-4927-B547-F1051E9BC04C} = {02EA681E-C7D8-13C7-8484-4AC65E1B71E8}
		{4C5438C4-36E3-4FB2-8081-C85D4432D29A} = {C2164EA7-08B3-4432-9662-583F8B1A7BA7}
		{BA2E6256-D457-4345-9A5F-971C1C257F2F} = {C2164EA7-08B3-4432-9662-583F8B1A7BA7}
		{6630624F-0EEA-4359-9FA4-EBF5DE08D94A} = {C2164EA7-08B3-4432-9662-583F8B1A7BA7}
	EndGlobalSection
	GlobalSection(ExtensibilityGlobals) = postSolution
		SolutionGuid = {2EA30F3B-C536-4F45-80C5-6996F1363A6A}
	EndGlobalSection
EndGlobal
